
Microsoft Visual Studio Solution File, Format Version 12.00
# Visual Studio Version 16
VisualStudioVersion = 16.0.29519.87
MinimumVisualStudioVersion = 10.0.40219.1
Project("{FAE04EC0-301F-11D3-BF4B-00C04F79EFBC}") = "DictionaryDemo", "DictionaryDemo\DictionaryDemo.csproj", "{943F1CB5-66CE-4A1B-8BFE-FA7A50E42515}"
EndProject
Global
	GlobalSection(SolutionConfigurationPlatforms) = preSolution
		Debug|Any CPU = Debug|Any CPU
		Release|Any CPU = Release|Any CPU
	EndGlobalSection
	GlobalSection(ProjectConfigurationPlatforms) = postSolution
		{943F1CB5-66CE-4A1B-8BFE-FA7A50E42515}.Debug|Any CPU.ActiveCfg = Debug|Any CPU
		{943F1CB5-66CE-4A1B-8BFE-FA7A50E42515}.Debug|Any CPU.Build.0 = Debug|Any CPU
		{943F1CB5-66CE-4A1B-8BFE-FA7A50E42515}.Release|Any CPU.ActiveCfg = Release|Any CPU
		{943F1CB5-66CE-4A1B-8BFE-FA7A50E42515}.Release|Any CPU.Build.0 = Release|Any CPU
	EndGlobalSection
	GlobalSection(SolutionProperties) = preSolution
		HideSolutionNode = FALSE
	EndGlobalSection
	GlobalSection(ExtensibilityGlobals) = postSolution
		SolutionGuid = {EA52767F-FB28-4D5F-A398-FA4C12038EE1}
	EndGlobalSection
EndGlobal
